
Microsoft Visual Studio Solution File, Format Version 12.00
# Visual Studio Version 17
VisualStudioVersion = 17.0.32002.185
MinimumVisualStudioVersion = 10.0.40219.1
Project("{FAE04EC0-301F-11D3-BF4B-00C04F79EFBC}") = "E3Simulado", "E3Simulado\E3Simulado.csproj", "{259388C1-7889-409D-A2B3-233F03B30EE9}"
EndProject
Global
	GlobalSection(SolutionConfigurationPlatforms) = preSolution
		Debug|Any CPU = Debug|Any CPU
		Release|Any CPU = Release|Any CPU
	EndGlobalSection
	GlobalSection(ProjectConfigurationPlatforms) = postSolution
		{259388C1-7889-409D-A2B3-233F03B30EE9}.Debug|Any CPU.ActiveCfg = Debug|Any CPU
		{259388C1-7889-409D-A2B3-233F03B30EE9}.Debug|Any CPU.Build.0 = Debug|Any CPU
		{259388C1-7889-409D-A2B3-233F03B30EE9}.Release|Any CPU.ActiveCfg = Release|Any CPU
		{259388C1-7889-409D-A2B3-233F03B30EE9}.Release|Any CPU.Build.0 = Release|Any CPU
	EndGlobalSection
	GlobalSection(SolutionProperties) = preSolution
		HideSolutionNode = FALSE
	EndGlobalSection
	GlobalSection(ExtensibilityGlobals) = postSolution
		SolutionGuid = {26A2FE20-3FF5-45B0-A0C4-160A91EEB7FB}
	EndGlobalSection
EndGlobal
