
Microsoft Visual Studio Solution File, Format Version 12.00
# Visual Studio Version 17
VisualStudioVersion = 17.1.32407.343
MinimumVisualStudioVersion = 10.0.40219.1
Project("{FAE04EC0-301F-11D3-BF4B-00C04F79EFBC}") = "Tarea I-Archivos", "Tarea I-Archivos\Tarea I-Archivos.csproj", "{F66AF9DD-7DF3-48AB-B60D-AAFB815BBB09}"
EndProject
Global
	GlobalSection(SolutionConfigurationPlatforms) = preSolution
		Debug|Any CPU = Debug|Any CPU
		Release|Any CPU = Release|Any CPU
	EndGlobalSection
	GlobalSection(ProjectConfigurationPlatforms) = postSolution
		{F66AF9DD-7DF3-48AB-B60D-AAFB815BBB09}.Debug|Any CPU.ActiveCfg = Debug|Any CPU
		{F66AF9DD-7DF3-48AB-B60D-AAFB815BBB09}.Debug|Any CPU.Build.0 = Debug|Any CPU
		{F66AF9DD-7DF3-48AB-B60D-AAFB815BBB09}.Release|Any CPU.ActiveCfg = Release|Any CPU
		{F66AF9DD-7DF3-48AB-B60D-AAFB815BBB09}.Release|Any CPU.Build.0 = Release|Any CPU
	EndGlobalSection
	GlobalSection(SolutionProperties) = preSolution
		HideSolutionNode = FALSE
	EndGlobalSection
	GlobalSection(ExtensibilityGlobals) = postSolution
		SolutionGuid = {D495E03B-914B-4ED3-9E5C-4084E8ED7706}
	EndGlobalSection
EndGlobal
