
Microsoft Visual Studio Solution File, Format Version 11.00
# Visual Studio 2010
Project("{FAE04EC0-301F-11D3-BF4B-00C04F79EFBC}") = "ExamenDistancia", "ExamenDistancia_2.csproj", "{91FB3ACD-AE18-40F0-AB50-33C83CCC7469}"
EndProject
Global
	GlobalSection(SolutionConfigurationPlatforms) = preSolution
		Debug|Any CPU = Debug|Any CPU
		Release|Any CPU = Release|Any CPU
	EndGlobalSection
	GlobalSection(ProjectConfigurationPlatforms) = postSolution
		{91FB3ACD-AE18-40F0-AB50-33C83CCC7469}.Debug|Any CPU.ActiveCfg = Debug|Any CPU
		{91FB3ACD-AE18-40F0-AB50-33C83CCC7469}.Debug|Any CPU.Build.0 = Debug|Any CPU
		{91FB3ACD-AE18-40F0-AB50-33C83CCC7469}.Release|Any CPU.ActiveCfg = Release|Any CPU
		{91FB3ACD-AE18-40F0-AB50-33C83CCC7469}.Release|Any CPU.Build.0 = Release|Any CPU
	EndGlobalSection
	GlobalSection(SolutionProperties) = preSolution
		HideSolutionNode = FALSE
	EndGlobalSection
EndGlobal
