
Microsoft Visual Studio Solution File, Format Version 12.00
# Visual Studio Version 17
VisualStudioVersion = 17.0.32002.185
MinimumVisualStudioVersion = 10.0.40219.1
Project("{FAE04EC0-301F-11D3-BF4B-00C04F79EFBC}") = "E1Simulado", "E1Simulado\E1Simulado.csproj", "{AF0037A3-661B-48AF-AA32-D64C45D93626}"
EndProject
Global
	GlobalSection(SolutionConfigurationPlatforms) = preSolution
		Debug|Any CPU = Debug|Any CPU
		Release|Any CPU = Release|Any CPU
	EndGlobalSection
	GlobalSection(ProjectConfigurationPlatforms) = postSolution
		{AF0037A3-661B-48AF-AA32-D64C45D93626}.Debug|Any CPU.ActiveCfg = Debug|Any CPU
		{AF0037A3-661B-48AF-AA32-D64C45D93626}.Debug|Any CPU.Build.0 = Debug|Any CPU
		{AF0037A3-661B-48AF-AA32-D64C45D93626}.Release|Any CPU.ActiveCfg = Release|Any CPU
		{AF0037A3-661B-48AF-AA32-D64C45D93626}.Release|Any CPU.Build.0 = Release|Any CPU
	EndGlobalSection
	GlobalSection(SolutionProperties) = preSolution
		HideSolutionNode = FALSE
	EndGlobalSection
	GlobalSection(ExtensibilityGlobals) = postSolution
		SolutionGuid = {E4366916-B7EF-4238-BE22-4C72C36531F6}
	EndGlobalSection
EndGlobal
